// !$*UTF8*$!
{
	archiveVersion = 1;
	classes = {
	};
	objectVersion = 77;
	objects = {

/* Begin PBXBuildFile section */
		11A5550D2D56386A00FA631A /* SnapKit in Frameworks */ = {isa = PBXBuildFile; productRef = 11A5550C2D56386A00FA631A /* SnapKit */; };
		11A555222D563A6100FA631A /* Assets.xcassets in Resources */ = {isa = PBXBuildFile; fileRef = 11A5551B2D563A6100FA631A /* Assets.xcassets */; };
		11A555262D563A6100FA631A /* SceneDelegate.swift in Sources */ = {isa = PBXBuildFile; fileRef = 11A555162D563A6100FA631A /* SceneDelegate.swift */; };
		11A555282D563A6100FA631A /* AppDelegate.swift in Sources */ = {isa = PBXBuildFile; fileRef = 11A5551A2D563A6100FA631A /* AppDelegate.swift */; };
		11A5552D2D56510800FA631A /* AppCoordinator.swift in Sources */ = {isa = PBXBuildFile; fileRef = 11A5552C2D56510200FA631A /* AppCoordinator.swift */; };
		11A5552F2D5651DC00FA631A /* TabBarCoordinator.swift in Sources */ = {isa = PBXBuildFile; fileRef = 11A5552E2D5651DA00FA631A /* TabBarCoordinator.swift */; };
		11A555322D5654DE00FA631A /* SplashVC.swift in Sources */ = {isa = PBXBuildFile; fileRef = 11A555312D5654DA00FA631A /* SplashVC.swift */; };
		11A555342D5654E700FA631A /* SplashVM.swift in Sources */ = {isa = PBXBuildFile; fileRef = 11A555332D5654E500FA631A /* SplashVM.swift */; };
		11A555372D565B4700FA631A /* Typealiases.swift in Sources */ = {isa = PBXBuildFile; fileRef = 11A555362D565B4600FA631A /* Typealiases.swift */; };
		11A555392D565C0900FA631A /* BaseVC.swift in Sources */ = {isa = PBXBuildFile; fileRef = 11A555382D565C0800FA631A /* BaseVC.swift */; };
		11A5553B2D56671300FA631A /* DataService.swift in Sources */ = {isa = PBXBuildFile; fileRef = 11A5553A2D5666C900FA631A /* DataService.swift */; };
		11A5553E2D566AF500FA631A /* ItemsVC.swift in Sources */ = {isa = PBXBuildFile; fileRef = 11A5553D2D566AF200FA631A /* ItemsVC.swift */; };
		11A555402D566AFB00FA631A /* AllItemsVM.swift in Sources */ = {isa = PBXBuildFile; fileRef = 11A5553F2D566AF700FA631A /* AllItemsVM.swift */; };
		11A555472D566B7300FA631A /* FavoriteItemsVM.swift in Sources */ = {isa = PBXBuildFile; fileRef = 11A555462D566B7000FA631A /* FavoriteItemsVM.swift */; };
		11A555492D566E4100FA631A /* ItemsVMProtocol.swift in Sources */ = {isa = PBXBuildFile; fileRef = 11A555482D566E4100FA631A /* ItemsVMProtocol.swift */; };
		11A5554B2D5673A100FA631A /* UITableView.swift in Sources */ = {isa = PBXBuildFile; fileRef = 11A5554A2D5673A000FA631A /* UITableView.swift */; };
		11A5554D2D56753A00FA631A /* SelectorToClosure.swift in Sources */ = {isa = PBXBuildFile; fileRef = 11A5554C2D56753900FA631A /* SelectorToClosure.swift */; };
		11A555532D567A1C00FA631A /* Optional.swift in Sources */ = {isa = PBXBuildFile; fileRef = 11A555522D567A1B00FA631A /* Optional.swift */; };
		11A555572D56838600FA631A /* Collection.swift in Sources */ = {isa = PBXBuildFile; fileRef = 11A555562D56838500FA631A /* Collection.swift */; };
		11A555592D5683F300FA631A /* Item.swift in Sources */ = {isa = PBXBuildFile; fileRef = 11A555582D5683F100FA631A /* Item.swift */; };
		11A5555B2D56897600FA631A /* ItemsRepository.swift in Sources */ = {isa = PBXBuildFile; fileRef = 11A5555A2D56897500FA631A /* ItemsRepository.swift */; };
		11A5555D2D569B6D00FA631A /* SwipeActionVM.swift in Sources */ = {isa = PBXBuildFile; fileRef = 11A5555C2D569B6D00FA631A /* SwipeActionVM.swift */; };
/* End PBXBuildFile section */

/* Begin PBXFileReference section */
		11A554F32D56375D00FA631A /* TestTaskUniverseGroup.app */ = {isa = PBXFileReference; explicitFileType = wrapper.application; includeInIndex = 0; path = TestTaskUniverseGroup.app; sourceTree = BUILT_PRODUCTS_DIR; };
		11A555162D563A6100FA631A /* SceneDelegate.swift */ = {isa = PBXFileReference; lastKnownFileType = sourcecode.swift; path = SceneDelegate.swift; sourceTree = "<group>"; };
		11A5551A2D563A6100FA631A /* AppDelegate.swift */ = {isa = PBXFileReference; lastKnownFileType = sourcecode.swift; path = AppDelegate.swift; sourceTree = "<group>"; };
		11A5551B2D563A6100FA631A /* Assets.xcassets */ = {isa = PBXFileReference; lastKnownFileType = folder.assetcatalog; path = Assets.xcassets; sourceTree = "<group>"; };
		11A5551C2D563A6100FA631A /* Info.plist */ = {isa = PBXFileReference; lastKnownFileType = text.plist.xml; path = Info.plist; sourceTree = "<group>"; };
		11A5552C2D56510200FA631A /* AppCoordinator.swift */ = {isa = PBXFileReference; lastKnownFileType = sourcecode.swift; path = AppCoordinator.swift; sourceTree = "<group>"; };
		11A5552E2D5651DA00FA631A /* TabBarCoordinator.swift */ = {isa = PBXFileReference; lastKnownFileType = sourcecode.swift; path = TabBarCoordinator.swift; sourceTree = "<group>"; };
		11A555312D5654DA00FA631A /* SplashVC.swift */ = {isa = PBXFileReference; lastKnownFileType = sourcecode.swift; path = SplashVC.swift; sourceTree = "<group>"; };
		11A555332D5654E500FA631A /* SplashVM.swift */ = {isa = PBXFileReference; lastKnownFileType = sourcecode.swift; path = SplashVM.swift; sourceTree = "<group>"; };
		11A555362D565B4600FA631A /* Typealiases.swift */ = {isa = PBXFileReference; lastKnownFileType = sourcecode.swift; path = Typealiases.swift; sourceTree = "<group>"; };
		11A555382D565C0800FA631A /* BaseVC.swift */ = {isa = PBXFileReference; lastKnownFileType = sourcecode.swift; path = BaseVC.swift; sourceTree = "<group>"; };
		11A5553A2D5666C900FA631A /* DataService.swift */ = {isa = PBXFileReference; lastKnownFileType = sourcecode.swift; path = DataService.swift; sourceTree = "<group>"; };
		11A5553D2D566AF200FA631A /* ItemsVC.swift */ = {isa = PBXFileReference; lastKnownFileType = sourcecode.swift; path = ItemsVC.swift; sourceTree = "<group>"; };
		11A5553F2D566AF700FA631A /* AllItemsVM.swift */ = {isa = PBXFileReference; lastKnownFileType = sourcecode.swift; path = AllItemsVM.swift; sourceTree = "<group>"; };
		11A555462D566B7000FA631A /* FavoriteItemsVM.swift */ = {isa = PBXFileReference; lastKnownFileType = sourcecode.swift; path = FavoriteItemsVM.swift; sourceTree = "<group>"; };
		11A555482D566E4100FA631A /* ItemsVMProtocol.swift */ = {isa = PBXFileReference; lastKnownFileType = sourcecode.swift; path = ItemsVMProtocol.swift; sourceTree = "<group>"; };
		11A5554A2D5673A000FA631A /* UITableView.swift */ = {isa = PBXFileReference; lastKnownFileType = sourcecode.swift; path = UITableView.swift; sourceTree = "<group>"; };
		11A5554C2D56753900FA631A /* SelectorToClosure.swift */ = {isa = PBXFileReference; lastKnownFileType = sourcecode.swift; path = SelectorToClosure.swift; sourceTree = "<group>"; };
		11A555522D567A1B00FA631A /* Optional.swift */ = {isa = PBXFileReference; lastKnownFileType = sourcecode.swift; path = Optional.swift; sourceTree = "<group>"; };
		11A555562D56838500FA631A /* Collection.swift */ = {isa = PBXFileReference; lastKnownFileType = sourcecode.swift; path = Collection.swift; sourceTree = "<group>"; };
		11A555582D5683F100FA631A /* Item.swift */ = {isa = PBXFileReference; lastKnownFileType = sourcecode.swift; path = Item.swift; sourceTree = "<group>"; };
		11A5555A2D56897500FA631A /* ItemsRepository.swift */ = {isa = PBXFileReference; lastKnownFileType = sourcecode.swift; path = ItemsRepository.swift; sourceTree = "<group>"; };
		11A5555C2D569B6D00FA631A /* SwipeActionVM.swift */ = {isa = PBXFileReference; lastKnownFileType = sourcecode.swift; path = SwipeActionVM.swift; sourceTree = "<group>"; };
/* End PBXFileReference section */

/* Begin PBXFrameworksBuildPhase section */
		11A554F02D56375D00FA631A /* Frameworks */ = {
			isa = PBXFrameworksBuildPhase;
			buildActionMask = 2147483647;
			files = (
				11A5550D2D56386A00FA631A /* SnapKit in Frameworks */,
			);
			runOnlyForDeploymentPostprocessing = 0;
		};
/* End PBXFrameworksBuildPhase section */

/* Begin PBXGroup section */
		11A554EA2D56375D00FA631A = {
			isa = PBXGroup;
			children = (
				11A555212D563A6100FA631A /* TestTaskUniverseGroup */,
				11A554F42D56375D00FA631A /* Products */,
			);
			sourceTree = "<group>";
		};
		11A554F42D56375D00FA631A /* Products */ = {
			isa = PBXGroup;
			children = (
				11A554F32D56375D00FA631A /* TestTaskUniverseGroup.app */,
			);
			name = Products;
			sourceTree = "<group>";
		};
		11A555132D563A6100FA631A /* Coordinators */ = {
			isa = PBXGroup;
			children = (
				11A5552C2D56510200FA631A /* AppCoordinator.swift */,
				11A5552E2D5651DA00FA631A /* TabBarCoordinator.swift */,
			);
			path = Coordinators;
			sourceTree = "<group>";
		};
		11A555142D563A6100FA631A /* Extensions */ = {
			isa = PBXGroup;
			children = (
				11A555562D56838500FA631A /* Collection.swift */,
				11A555522D567A1B00FA631A /* Optional.swift */,
				11A5554A2D5673A000FA631A /* UITableView.swift */,
				11A5554C2D56753900FA631A /* SelectorToClosure.swift */,
			);
			path = Extensions;
			sourceTree = "<group>";
		};
		11A555152D563A6100FA631A /* Models */ = {
			isa = PBXGroup;
			children = (
				11A555582D5683F100FA631A /* Item.swift */,
			);
			path = Models;
			sourceTree = "<group>";
		};
		11A555182D563A6100FA631A /* Screens */ = {
			isa = PBXGroup;
			children = (
				11A555302D5654A700FA631A /* Splash */,
				11A5553C2D566AD200FA631A /* Items */,
			);
			path = Screens;
			sourceTree = "<group>";
		};
		11A555192D563A6100FA631A /* Services */ = {
			isa = PBXGroup;
			children = (
				11A5555A2D56897500FA631A /* ItemsRepository.swift */,
				11A5553A2D5666C900FA631A /* DataService.swift */,
			);
			path = Services;
			sourceTree = "<group>";
		};
		11A555212D563A6100FA631A /* TestTaskUniverseGroup */ = {
			isa = PBXGroup;
			children = (
				11A5552A2D564A7400FA631A /* App */,
				11A555132D563A6100FA631A /* Coordinators */,
				11A555182D563A6100FA631A /* Screens */,
				11A555152D563A6100FA631A /* Models */,
				11A555192D563A6100FA631A /* Services */,
				11A555142D563A6100FA631A /* Extensions */,
				11A555352D565B1F00FA631A /* Utility */,
				11A555292D563AAC00FA631A /* Resources */,
			);
			path = TestTaskUniverseGroup;
			sourceTree = "<group>";
		};
		11A555292D563AAC00FA631A /* Resources */ = {
			isa = PBXGroup;
			children = (
				11A5551B2D563A6100FA631A /* Assets.xcassets */,
			);
			path = Resources;
			sourceTree = "<group>";
		};
		11A5552A2D564A7400FA631A /* App */ = {
			isa = PBXGroup;
			children = (
				11A5551A2D563A6100FA631A /* AppDelegate.swift */,
				11A555162D563A6100FA631A /* SceneDelegate.swift */,
				11A5551C2D563A6100FA631A /* Info.plist */,
			);
			path = App;
			sourceTree = "<group>";
		};
		11A555302D5654A700FA631A /* Splash */ = {
			isa = PBXGroup;
			children = (
				11A555312D5654DA00FA631A /* SplashVC.swift */,
				11A555332D5654E500FA631A /* SplashVM.swift */,
			);
			path = Splash;
			sourceTree = "<group>";
		};
		11A555352D565B1F00FA631A /* Utility */ = {
			isa = PBXGroup;
			children = (
				11A5555C2D569B6D00FA631A /* SwipeActionVM.swift */,
				11A555382D565C0800FA631A /* BaseVC.swift */,
				11A555362D565B4600FA631A /* Typealiases.swift */,
			);
			path = Utility;
			sourceTree = "<group>";
		};
		11A5553C2D566AD200FA631A /* Items */ = {
			isa = PBXGroup;
			children = (
				11A5553D2D566AF200FA631A /* ItemsVC.swift */,
				11A555482D566E4100FA631A /* ItemsVMProtocol.swift */,
				11A5553F2D566AF700FA631A /* AllItemsVM.swift */,
				11A555462D566B7000FA631A /* FavoriteItemsVM.swift */,
			);
			path = Items;
			sourceTree = "<group>";
		};
/* End PBXGroup section */

/* Begin PBXNativeTarget section */
		11A554F22D56375D00FA631A /* TestTaskUniverseGroup */ = {
			isa = PBXNativeTarget;
			buildConfigurationList = 11A555062D56375E00FA631A /* Build configuration list for PBXNativeTarget "TestTaskUniverseGroup" */;
			buildPhases = (
				11A554EF2D56375D00FA631A /* Sources */,
				11A554F02D56375D00FA631A /* Frameworks */,
				11A554F12D56375D00FA631A /* Resources */,
			);
			buildRules = (
			);
			dependencies = (
			);
			name = TestTaskUniverseGroup;
			packageProductDependencies = (
				11A5550C2D56386A00FA631A /* SnapKit */,
			);
			productName = TestTaskUniverseGroup;
			productReference = 11A554F32D56375D00FA631A /* TestTaskUniverseGroup.app */;
			productType = "com.apple.product-type.application";
		};
/* End PBXNativeTarget section */

/* Begin PBXProject section */
		11A554EB2D56375D00FA631A /* Project object */ = {
			isa = PBXProject;
			attributes = {
				BuildIndependentTargetsInParallel = 1;
				LastSwiftUpdateCheck = 1620;
				LastUpgradeCheck = 1620;
				TargetAttributes = {
					11A554F22D56375D00FA631A = {
						CreatedOnToolsVersion = 16.2;
					};
				};
			};
			buildConfigurationList = 11A554EE2D56375D00FA631A /* Build configuration list for PBXProject "TestTaskUniverseGroup" */;
			developmentRegion = en;
			hasScannedForEncodings = 0;
			knownRegions = (
				en,
				Base,
			);
			mainGroup = 11A554EA2D56375D00FA631A;
			minimizedProjectReferenceProxies = 1;
			packageReferences = (
				11A5550B2D56386A00FA631A /* XCRemoteSwiftPackageReference "SnapKit" */,
			);
			preferredProjectObjectVersion = 77;
			productRefGroup = 11A554F42D56375D00FA631A /* Products */;
			projectDirPath = "";
			projectRoot = "";
			targets = (
				11A554F22D56375D00FA631A /* TestTaskUniverseGroup */,
			);
		};
/* End PBXProject section */

/* Begin PBXResourcesBuildPhase section */
		11A554F12D56375D00FA631A /* Resources */ = {
			isa = PBXResourcesBuildPhase;
			buildActionMask = 2147483647;
			files = (
				11A555222D563A6100FA631A /* Assets.xcassets in Resources */,
			);
			runOnlyForDeploymentPostprocessing = 0;
		};
/* End PBXResourcesBuildPhase section */

/* Begin PBXSourcesBuildPhase section */
		11A554EF2D56375D00FA631A /* Sources */ = {
			isa = PBXSourcesBuildPhase;
			buildActionMask = 2147483647;
			files = (
				11A5553B2D56671300FA631A /* DataService.swift in Sources */,
				11A5552D2D56510800FA631A /* AppCoordinator.swift in Sources */,
				11A555322D5654DE00FA631A /* SplashVC.swift in Sources */,
				11A555372D565B4700FA631A /* Typealiases.swift in Sources */,
				11A5553E2D566AF500FA631A /* ItemsVC.swift in Sources */,
				11A5555D2D569B6D00FA631A /* SwipeActionVM.swift in Sources */,
				11A5555B2D56897600FA631A /* ItemsRepository.swift in Sources */,
				11A555392D565C0900FA631A /* BaseVC.swift in Sources */,
				11A555532D567A1C00FA631A /* Optional.swift in Sources */,
				11A555262D563A6100FA631A /* SceneDelegate.swift in Sources */,
				11A555572D56838600FA631A /* Collection.swift in Sources */,
				11A5552F2D5651DC00FA631A /* TabBarCoordinator.swift in Sources */,
				11A555402D566AFB00FA631A /* AllItemsVM.swift in Sources */,
				11A555472D566B7300FA631A /* FavoriteItemsVM.swift in Sources */,
				11A555282D563A6100FA631A /* AppDelegate.swift in Sources */,
				11A555592D5683F300FA631A /* Item.swift in Sources */,
				11A555342D5654E700FA631A /* SplashVM.swift in Sources */,
				11A555492D566E4100FA631A /* ItemsVMProtocol.swift in Sources */,
				11A5554B2D5673A100FA631A /* UITableView.swift in Sources */,
				11A5554D2D56753A00FA631A /* SelectorToClosure.swift in Sources */,
			);
			runOnlyForDeploymentPostprocessing = 0;
		};
/* End PBXSourcesBuildPhase section */

/* Begin XCBuildConfiguration section */
		11A555072D56375E00FA631A /* Debug */ = {
			isa = XCBuildConfiguration;
			buildSettings = {
				ASSETCATALOG_COMPILER_APPICON_NAME = AppIcon;
				ASSETCATALOG_COMPILER_GLOBAL_ACCENT_COLOR_NAME = AccentColor;
				CODE_SIGN_STYLE = Automatic;
				CURRENT_PROJECT_VERSION = 1;
				DEVELOPMENT_TEAM = CL9243GFXB;
				GENERATE_INFOPLIST_FILE = YES;
				INFOPLIST_FILE = TestTaskUniverseGroup/App/Info.plist;
				INFOPLIST_KEY_UIApplicationSupportsIndirectInputEvents = YES;
				INFOPLIST_KEY_UISupportedInterfaceOrientations_iPad = "UIInterfaceOrientationPortrait UIInterfaceOrientationPortraitUpsideDown UIInterfaceOrientationLandscapeLeft UIInterfaceOrientationLandscapeRight";
				INFOPLIST_KEY_UISupportedInterfaceOrientations_iPhone = "UIInterfaceOrientationPortrait UIInterfaceOrientationLandscapeLeft UIInterfaceOrientationLandscapeRight";
				IPHONEOS_DEPLOYMENT_TARGET = 16.0;
				LD_RUNPATH_SEARCH_PATHS = (
					"$(inherited)",
					"@executable_path/Frameworks",
				);
				MARKETING_VERSION = 1.0;
				PRODUCT_BUNDLE_IDENTIFIER = com.oleksandr.ivanchenko.TestTaskUniverseGroup;
				PRODUCT_NAME = "$(TARGET_NAME)";
				SWIFT_EMIT_LOC_STRINGS = YES;
				SWIFT_VERSION = 6.0;
				TARGETED_DEVICE_FAMILY = "1,2";
			};
			name = Debug;
		};
		11A555082D56375E00FA631A /* Release */ = {
			isa = XCBuildConfiguration;
			buildSettings = {
				ASSETCATALOG_COMPILER_APPICON_NAME = AppIcon;
				ASSETCATALOG_COMPILER_GLOBAL_ACCENT_COLOR_NAME = AccentColor;
				CODE_SIGN_STYLE = Automatic;
				CURRENT_PROJECT_VERSION = 1;
				DEVELOPMENT_TEAM = CL9243GFXB;
				GENERATE_INFOPLIST_FILE = YES;
				INFOPLIST_FILE = TestTaskUniverseGroup/App/Info.plist;
				INFOPLIST_KEY_UIApplicationSupportsIndirectInputEvents = YES;
				INFOPLIST_KEY_UISupportedInterfaceOrientations_iPad = "UIInterfaceOrientationPortrait UIInterfaceOrientationPortraitUpsideDown UIInterfaceOrientationLandscapeLeft UIInterfaceOrientationLandscapeRight";
				INFOPLIST_KEY_UISupportedInterfaceOrientations_iPhone = "UIInterfaceOrientationPortrait UIInterfaceOrientationLandscapeLeft UIInterfaceOrientationLandscapeRight";
				IPHONEOS_DEPLOYMENT_TARGET = 16.0;
				LD_RUNPATH_SEARCH_PATHS = (
					"$(inherited)",
					"@executable_path/Frameworks",
				);
				MARKETING_VERSION = 1.0;
				PRODUCT_BUNDLE_IDENTIFIER = com.oleksandr.ivanchenko.TestTaskUniverseGroup;
				PRODUCT_NAME = "$(TARGET_NAME)";
				SWIFT_EMIT_LOC_STRINGS = YES;
				SWIFT_VERSION = 6.0;
				TARGETED_DEVICE_FAMILY = "1,2";
			};
			name = Release;
		};
		11A555092D56375E00FA631A /* Debug */ = {
			isa = XCBuildConfiguration;
			buildSettings = {
				ALWAYS_SEARCH_USER_PATHS = NO;
				ASSETCATALOG_COMPILER_GENERATE_SWIFT_ASSET_SYMBOL_EXTENSIONS = YES;
				CLANG_ANALYZER_NONNULL = YES;
				CLANG_ANALYZER_NUMBER_OBJECT_CONVERSION = YES_AGGRESSIVE;
				CLANG_CXX_LANGUAGE_STANDARD = "gnu++20";
				CLANG_ENABLE_MODULES = YES;
				CLANG_ENABLE_OBJC_ARC = YES;
				CLANG_ENABLE_OBJC_WEAK = YES;
				CLANG_WARN_BLOCK_CAPTURE_AUTORELEASING = YES;
				CLANG_WARN_BOOL_CONVERSION = YES;
				CLANG_WARN_COMMA = YES;
				CLANG_WARN_CONSTANT_CONVERSION = YES;
				CLANG_WARN_DEPRECATED_OBJC_IMPLEMENTATIONS = YES;
				CLANG_WARN_DIRECT_OBJC_ISA_USAGE = YES_ERROR;
				CLANG_WARN_DOCUMENTATION_COMMENTS = YES;
				CLANG_WARN_EMPTY_BODY = YES;
				CLANG_WARN_ENUM_CONVERSION = YES;
				CLANG_WARN_INFINITE_RECURSION = YES;
				CLANG_WARN_INT_CONVERSION = YES;
				CLANG_WARN_NON_LITERAL_NULL_CONVERSION = YES;
				CLANG_WARN_OBJC_IMPLICIT_RETAIN_SELF = YES;
				CLANG_WARN_OBJC_LITERAL_CONVERSION = YES;
				CLANG_WARN_OBJC_ROOT_CLASS = YES_ERROR;
				CLANG_WARN_QUOTED_INCLUDE_IN_FRAMEWORK_HEADER = YES;
				CLANG_WARN_RANGE_LOOP_ANALYSIS = YES;
				CLANG_WARN_STRICT_PROTOTYPES = YES;
				CLANG_WARN_SUSPICIOUS_MOVE = YES;
				CLANG_WARN_UNGUARDED_AVAILABILITY = YES_AGGRESSIVE;
				CLANG_WARN_UNREACHABLE_CODE = YES;
				CLANG_WARN__DUPLICATE_METHOD_MATCH = YES;
				COPY_PHASE_STRIP = NO;
				DEBUG_INFORMATION_FORMAT = dwarf;
				ENABLE_STRICT_OBJC_MSGSEND = YES;
				ENABLE_TESTABILITY = YES;
				ENABLE_USER_SCRIPT_SANDBOXING = YES;
				GCC_C_LANGUAGE_STANDARD = gnu17;
				GCC_DYNAMIC_NO_PIC = NO;
				GCC_NO_COMMON_BLOCKS = YES;
				GCC_OPTIMIZATION_LEVEL = 0;
				GCC_PREPROCESSOR_DEFINITIONS = (
					"DEBUG=1",
					"$(inherited)",
				);
				GCC_WARN_64_TO_32_BIT_CONVERSION = YES;
				GCC_WARN_ABOUT_RETURN_TYPE = YES_ERROR;
				GCC_WARN_UNDECLARED_SELECTOR = YES;
				GCC_WARN_UNINITIALIZED_AUTOS = YES_AGGRESSIVE;
				GCC_WARN_UNUSED_FUNCTION = YES;
				GCC_WARN_UNUSED_VARIABLE = YES;
				IPHONEOS_DEPLOYMENT_TARGET = 18.2;
				LOCALIZATION_PREFERS_STRING_CATALOGS = YES;
				MTL_ENABLE_DEBUG_INFO = INCLUDE_SOURCE;
				MTL_FAST_MATH = YES;
				ONLY_ACTIVE_ARCH = YES;
				SDKROOT = iphoneos;
				SWIFT_ACTIVE_COMPILATION_CONDITIONS = "DEBUG $(inherited)";
				SWIFT_OPTIMIZATION_LEVEL = "-Onone";
				SWIFT_VERSION = 6.0;
			};
			name = Debug;
		};
		11A5550A2D56375E00FA631A /* Release */ = {
			isa = XCBuildConfiguration;
			buildSettings = {
				ALWAYS_SEARCH_USER_PATHS = NO;
				ASSETCATALOG_COMPILER_GENERATE_SWIFT_ASSET_SYMBOL_EXTENSIONS = YES;
				CLANG_ANALYZER_NONNULL = YES;
				CLANG_ANALYZER_NUMBER_OBJECT_CONVERSION = YES_AGGRESSIVE;
				CLANG_CXX_LANGUAGE_STANDARD = "gnu++20";
				CLANG_ENABLE_MODULES = YES;
				CLANG_ENABLE_OBJC_ARC = YES;
				CLANG_ENABLE_OBJC_WEAK = YES;
				CLANG_WARN_BLOCK_CAPTURE_AUTORELEASING = YES;
				CLANG_WARN_BOOL_CONVERSION = YES;
				CLANG_WARN_COMMA = YES;
				CLANG_WARN_CONSTANT_CONVERSION = YES;
				CLANG_WARN_DEPRECATED_OBJC_IMPLEMENTATIONS = YES;
				CLANG_WARN_DIRECT_OBJC_ISA_USAGE = YES_ERROR;
				CLANG_WARN_DOCUMENTATION_COMMENTS = YES;
				CLANG_WARN_EMPTY_BODY = YES;
				CLANG_WARN_ENUM_CONVERSION = YES;
				CLANG_WARN_INFINITE_RECURSION = YES;
				CLANG_WARN_INT_CONVERSION = YES;
				CLANG_WARN_NON_LITERAL_NULL_CONVERSION = YES;
				CLANG_WARN_OBJC_IMPLICIT_RETAIN_SELF = YES;
				CLANG_WARN_OBJC_LITERAL_CONVERSION = YES;
				CLANG_WARN_OBJC_ROOT_CLASS = YES_ERROR;
				CLANG_WARN_QUOTED_INCLUDE_IN_FRAMEWORK_HEADER = YES;
				CLANG_WARN_RANGE_LOOP_ANALYSIS = YES;
				CLANG_WARN_STRICT_PROTOTYPES = YES;
				CLANG_WARN_SUSPICIOUS_MOVE = YES;
				CLANG_WARN_UNGUARDED_AVAILABILITY = YES_AGGRESSIVE;
				CLANG_WARN_UNREACHABLE_CODE = YES;
				CLANG_WARN__DUPLICATE_METHOD_MATCH = YES;
				COPY_PHASE_STRIP = NO;
				DEBUG_INFORMATION_FORMAT = "dwarf-with-dsym";
				ENABLE_NS_ASSERTIONS = NO;
				ENABLE_STRICT_OBJC_MSGSEND = YES;
				ENABLE_USER_SCRIPT_SANDBOXING = YES;
				GCC_C_LANGUAGE_STANDARD = gnu17;
				GCC_NO_COMMON_BLOCKS = YES;
				GCC_WARN_64_TO_32_BIT_CONVERSION = YES;
				GCC_WARN_ABOUT_RETURN_TYPE = YES_ERROR;
				GCC_WARN_UNDECLARED_SELECTOR = YES;
				GCC_WARN_UNINITIALIZED_AUTOS = YES_AGGRESSIVE;
				GCC_WARN_UNUSED_FUNCTION = YES;
				GCC_WARN_UNUSED_VARIABLE = YES;
				IPHONEOS_DEPLOYMENT_TARGET = 18.2;
				LOCALIZATION_PREFERS_STRING_CATALOGS = YES;
				MTL_ENABLE_DEBUG_INFO = NO;
				MTL_FAST_MATH = YES;
				SDKROOT = iphoneos;
				SWIFT_COMPILATION_MODE = wholemodule;
				SWIFT_VERSION = 6.0;
				VALIDATE_PRODUCT = YES;
			};
			name = Release;
		};
/* End XCBuildConfiguration section */

/* Begin XCConfigurationList section */
		11A554EE2D56375D00FA631A /* Build configuration list for PBXProject "TestTaskUniverseGroup" */ = {
			isa = XCConfigurationList;
			buildConfigurations = (
				11A555092D56375E00FA631A /* Debug */,
				11A5550A2D56375E00FA631A /* Release */,
			);
			defaultConfigurationIsVisible = 0;
			defaultConfigurationName = Release;
		};
		11A555062D56375E00FA631A /* Build configuration list for PBXNativeTarget "TestTaskUniverseGroup" */ = {
			isa = XCConfigurationList;
			buildConfigurations = (
				11A555072D56375E00FA631A /* Debug */,
				11A555082D56375E00FA631A /* Release */,
			);
			defaultConfigurationIsVisible = 0;
			defaultConfigurationName = Release;
		};
/* End XCConfigurationList section */

/* Begin XCRemoteSwiftPackageReference section */
		11A5550B2D56386A00FA631A /* XCRemoteSwiftPackageReference "SnapKit" */ = {
			isa = XCRemoteSwiftPackageReference;
			repositoryURL = "https://github.com/SnapKit/SnapKit.git";
			requirement = {
				kind = upToNextMajorVersion;
				minimumVersion = 5.7.1;
			};
		};
/* End XCRemoteSwiftPackageReference section */

/* Begin XCSwiftPackageProductDependency section */
		11A5550C2D56386A00FA631A /* SnapKit */ = {
			isa = XCSwiftPackageProductDependency;
			package = 11A5550B2D56386A00FA631A /* XCRemoteSwiftPackageReference "SnapKit" */;
			productName = SnapKit;
		};
/* End XCSwiftPackageProductDependency section */
	};
	rootObject = 11A554EB2D56375D00FA631A /* Project object */;
}
